
Microsoft Visual Studio Solution File, Format Version 12.00
# Visual Studio 15
VisualStudioVersion = 15.0.28307.539
MinimumVisualStudioVersion = 10.0.40219.1
Project("{FAE04EC0-301F-11D3-BF4B-00C04F79EFBC}") = "VentasDirectas", "VentasDirectas\VentasDirectas.csproj", "{4F749EE0-AFD9-4660-A735-6C32A35CF433}"
EndProject
Global
	GlobalSection(SolutionConfigurationPlatforms) = preSolution
		Debug|Any CPU = Debug|Any CPU
		Release|Any CPU = Release|Any CPU
	EndGlobalSection
	GlobalSection(ProjectConfigurationPlatforms) = postSolution
		{4F749EE0-AFD9-4660-A735-6C32A35CF433}.Debug|Any CPU.ActiveCfg = Debug|Any CPU
		{4F749EE0-AFD9-4660-A735-6C32A35CF433}.Debug|Any CPU.Build.0 = Debug|Any CPU
		{4F749EE0-AFD9-4660-A735-6C32A35CF433}.Release|Any CPU.ActiveCfg = Release|Any CPU
		{4F749EE0-AFD9-4660-A735-6C32A35CF433}.Release|Any CPU.Build.0 = Release|Any CPU
	EndGlobalSection
	GlobalSection(SolutionProperties) = preSolution
		HideSolutionNode = FALSE
	EndGlobalSection
	GlobalSection(ExtensibilityGlobals) = postSolution
		SolutionGuid = {EC4A1A4C-9F24-44A4-A698-5191F287BDA2}
	EndGlobalSection
EndGlobal
